
Microsoft Visual Studio Solution File, Format Version 12.00
# 
Project("{FAE04EC0-301F-11D3-BF4B-00C04F79EFBC}") = "TravelTracker.Api", "TravelTracker.Api\TravelTracker.Api.csproj", "{BC275F0D-7ED5-4B52-A7E7-0C551975ED09}"
EndProject
Project("{FAE04EC0-301F-11D3-BF4B-00C04F79EFBC}") = "TravelTracker.Api.Tests", "TravelTracker.Api.Tests\TravelTracker.Api.Tests.csproj", "{4F818738-4323-4A80-A78E-690228A3C951}"
EndProject
Global
	GlobalSection(SolutionConfigurationPlatforms) = preSolution
		Debug|Any CPU = Debug|Any CPU
		Release|Any CPU = Release|Any CPU
	EndGlobalSection
	GlobalSection(ProjectConfigurationPlatforms) = postSolution
		{BC275F0D-7ED5-4B52-A7E7-0C551975ED09}.Debug|Any CPU.ActiveCfg = Debug|Any CPU
		{BC275F0D-7ED5-4B52-A7E7-0C551975ED09}.Debug|Any CPU.Build.0 = Debug|Any CPU
		{BC275F0D-7ED5-4B52-A7E7-0C551975ED09}.Release|Any CPU.ActiveCfg = Release|Any CPU
		{BC275F0D-7ED5-4B52-A7E7-0C551975ED09}.Release|Any CPU.Build.0 = Release|Any CPU
		{4F818738-4323-4A80-A78E-690228A3C951}.Debug|Any CPU.ActiveCfg = Debug|Any CPU
		{4F818738-4323-4A80-A78E-690228A3C951}.Debug|Any CPU.Build.0 = Debug|Any CPU
		{4F818738-4323-4A80-A78E-690228A3C951}.Release|Any CPU.ActiveCfg = Release|Any CPU
		{4F818738-4323-4A80-A78E-690228A3C951}.Release|Any CPU.Build.0 = Release|Any CPU
	EndGlobalSection
EndGlobal
